// !$*UTF8*$!
{
	archiveVersion = 1;
	classes = {
	};
	objectVersion = 46;
	objects = {

/* Begin PBXBuildFile section */
		A6737DF91EFCCF440037024D /* AppDelegate.swift in Sources */ = {isa = PBXBuildFile; fileRef = A6737DF81EFCCF440037024D /* AppDelegate.swift */; };
		A6737DFB1EFCCF440037024D /* ViewController.swift in Sources */ = {isa = PBXBuildFile; fileRef = A6737DFA1EFCCF440037024D /* ViewController.swift */; };
		A6737DFE1EFCCF440037024D /* Main.storyboard in Resources */ = {isa = PBXBuildFile; fileRef = A6737DFC1EFCCF440037024D /* Main.storyboard */; };
		A6737E001EFCCF440037024D /* Assets.xcassets in Resources */ = {isa = PBXBuildFile; fileRef = A6737DFF1EFCCF440037024D /* Assets.xcassets */; };
		A6737E031EFCCF440037024D /* LaunchScreen.storyboard in Resources */ = {isa = PBXBuildFile; fileRef = A6737E011EFCCF440037024D /* LaunchScreen.storyboard */; };
/* End PBXBuildFile section */

/* Begin PBXFileReference section */
		A6737DF51EFCCF440037024D /* BirdInForest.app */ = {isa = PBXFileReference; explicitFileType = wrapper.application; includeInIndex = 0; path = BirdInForest.app; sourceTree = BUILT_PRODUCTS_DIR; };
		A6737DF81EFCCF440037024D /* AppDelegate.swift */ = {isa = PBXFileReference; lastKnownFileType = sourcecode.swift; path = AppDelegate.swift; sourceTree = "<group>"; };
		A6737DFA1EFCCF440037024D /* ViewController.swift */ = {isa = PBXFileReference; lastKnownFileType = sourcecode.swift; path = ViewController.swift; sourceTree = "<group>"; };
		A6737DFD1EFCCF440037024D /* Base */ = {isa = PBXFileReference; lastKnownFileType = file.storyboard; name = Base; path = Base.lproj/Main.storyboard; sourceTree = "<group>"; };
		A6737DFF1EFCCF440037024D /* Assets.xcassets */ = {isa = PBXFileReference; lastKnownFileType = folder.assetcatalog; path = Assets.xcassets; sourceTree = "<group>"; };
		A6737E021EFCCF440037024D /* Base */ = {isa = PBXFileReference; lastKnownFileType = file.storyboard; name = Base; path = Base.lproj/LaunchScreen.storyboard; sourceTree = "<group>"; };
		A6737E041EFCCF440037024D /* Info.plist */ = {isa = PBXFileReference; lastKnownFileType = text.plist.xml; path = Info.plist; sourceTree = "<group>"; };
/* End PBXFileReference section */

/* Begin PBXFrameworksBuildPhase section */
		A6737DF21EFCCF440037024D /* Frameworks */ = {
			isa = PBXFrameworksBuildPhase;
			buildActionMask = 2147483647;
			files = (
			);
			runOnlyForDeploymentPostprocessing = 0;
		};
/* End PBXFrameworksBuildPhase section */

/* Begin PBXGroup section */
		A6737DEC1EFCCF440037024D = {
			isa = PBXGroup;
			children = (
				A6737DF71EFCCF440037024D /* BirdInForest */,
				A6737DF61EFCCF440037024D /* Products */,
			);
			sourceTree = "<group>";
		};
		A6737DF61EFCCF440037024D /* Products */ = {
			isa = PBXGroup;
			children = (
				A6737DF51EFCCF440037024D /* BirdInForest.app */,
			);
			name = Products;
			sourceTree = "<group>";
		};
		A6737DF71EFCCF440037024D /* BirdInForest */ = {
			isa = PBXGroup;
			children = (
				A6737DF81EFCCF440037024D /* AppDelegate.swift */,
				A6737DFA1EFCCF440037024D /* ViewController.swift */,
				A6737DFC1EFCCF440037024D /* Main.storyboard */,
				A6737DFF1EFCCF440037024D /* Assets.xcassets */,
				A6737E011EFCCF440037024D /* LaunchScreen.storyboard */,
				A6737E041EFCCF440037024D /* Info.plist */,
			);
			path = BirdInForest;
			sourceTree = "<group>";
		};
/* End PBXGroup section */

/* Begin PBXNativeTarget section */
		A6737DF41EFCCF440037024D /* BirdInForest */ = {
			isa = PBXNativeTarget;
			buildConfigurationList = A6737E071EFCCF440037024D /* Build configuration list for PBXNativeTarget "BirdInForest" */;
			buildPhases = (
				A6737DF11EFCCF440037024D /* Sources */,
				A6737DF21EFCCF440037024D /* Frameworks */,
				A6737DF31EFCCF440037024D /* Resources */,
			);
			buildRules = (
			);
			dependencies = (
			);
			name = BirdInForest;
			productName = BirdInForest;
			productReference = A6737DF51EFCCF440037024D /* BirdInForest.app */;
			productType = "com.apple.product-type.application";
		};
/* End PBXNativeTarget section */

/* Begin PBXProject section */
		A6737DED1EFCCF440037024D /* Project object */ = {
			isa = PBXProject;
			attributes = {
				LastSwiftUpdateCheck = 0820;
				LastUpgradeCheck = 0820;
				ORGANIZATIONNAME = Tung;
				TargetAttributes = {
					A6737DF41EFCCF440037024D = {
						CreatedOnToolsVersion = 8.2.1;
						ProvisioningStyle = Automatic;
					};
				};
			};
			buildConfigurationList = A6737DF01EFCCF440037024D /* Build configuration list for PBXProject "BirdInForest" */;
			compatibilityVersion = "Xcode 3.2";
			developmentRegion = English;
			hasScannedForEncodings = 0;
			knownRegions = (
				en,
				Base,
			);
			mainGroup = A6737DEC1EFCCF440037024D;
			productRefGroup = A6737DF61EFCCF440037024D /* Products */;
			projectDirPath = "";
			projectRoot = "";
			targets = (
				A6737DF41EFCCF440037024D /* BirdInForest */,
			);
		};
/* End PBXProject section */

/* Begin PBXResourcesBuildPhase section */
		A6737DF31EFCCF440037024D /* Resources */ = {
			isa = PBXResourcesBuildPhase;
			buildActionMask = 2147483647;
			files = (
				A6737E031EFCCF440037024D /* LaunchScreen.storyboard in Resources */,
				A6737E001EFCCF440037024D /* Assets.xcassets in Resources */,
				A6737DFE1EFCCF440037024D /* Main.storyboard in Resources */,
			);
			runOnlyForDeploymentPostprocessing = 0;
		};
/* End PBXResourcesBuildPhase section */

/* Begin PBXSourcesBuildPhase section */
		A6737DF11EFCCF440037024D /* Sources */ = {
			isa = PBXSourcesBuildPhase;
			buildActionMask = 2147483647;
			files = (
				A6737DFB1EFCCF440037024D /* ViewController.swift in Sources */,
				A6737DF91EFCCF440037024D /* AppDelegate.swift in Sources */,
			);
			runOnlyForDeploymentPostprocessing = 0;
		};
/* End PBXSourcesBuildPhase section */

/* Begin PBXVariantGroup section */
		A6737DFC1EFCCF440037024D /* Main.storyboard */ = {
			isa = PBXVariantGroup;
			children = (
				A6737DFD1EFCCF440037024D /* Base */,
			);
			name = Main.storyboard;
			sourceTree = "<group>";
		};
		A6737E011EFCCF440037024D /* LaunchScreen.storyboard */ = {
			isa = PBXVariantGroup;
			children = (
				A6737E021EFCCF440037024D /* Base */,
			);
			name = LaunchScreen.storyboard;
			sourceTree = "<group>";
		};
/* End PBXVariantGroup section */

/* Begin XCBuildConfiguration section */
		A6737E051EFCCF440037024D /* Debug */ = {
			isa = XCBuildConfiguration;
			buildSettings = {
				ALWAYS_SEARCH_USER_PATHS = NO;
				CLANG_ANALYZER_NONNULL = YES;
				CLANG_CXX_LANGUAGE_STANDARD = "gnu++0x";
				CLANG_CXX_LIBRARY = "libc++";
				CLANG_ENABLE_MODULES = YES;
				CLANG_ENABLE_OBJC_ARC = YES;
				CLANG_WARN_BOOL_CONVERSION = YES;
				CLANG_WARN_CONSTANT_CONVERSION = YES;
				CLANG_WARN_DIRECT_OBJC_ISA_USAGE = YES_ERROR;
				CLANG_WARN_DOCUMENTATION_COMMENTS = YES;
				CLANG_WARN_EMPTY_BODY = YES;
				CLANG_WARN_ENUM_CONVERSION = YES;
				CLANG_WARN_INFINITE_RECURSION = YES;
				CLANG_WARN_INT_CONVERSION = YES;
				CLANG_WARN_OBJC_ROOT_CLASS = YES_ERROR;
				CLANG_WARN_SUSPICIOUS_MOVE = YES;
				CLANG_WARN_UNREACHABLE_CODE = YES;
				CLANG_WARN__DUPLICATE_METHOD_MATCH = YES;
				"CODE_SIGN_IDENTITY[sdk=iphoneos*]" = "iPhone Developer";
				COPY_PHASE_STRIP = NO;
				DEBUG_INFORMATION_FORMAT = dwarf;
				ENABLE_STRICT_OBJC_MSGSEND = YES;
				ENABLE_TESTABILITY = YES;
				GCC_C_LANGUAGE_STANDARD = gnu99;
				GCC_DYNAMIC_NO_PIC = NO;
				GCC_NO_COMMON_BLOCKS = YES;
				GCC_OPTIMIZATION_LEVEL = 0;
				GCC_PREPROCESSOR_DEFINITIONS = (
					"DEBUG=1",
					"$(inherited)",
				);
				GCC_WARN_64_TO_32_BIT_CONVERSION = YES;
				GCC_WARN_ABOUT_RETURN_TYPE = YES_ERROR;
				GCC_WARN_UNDECLARED_SELECTOR = YES;
				GCC_WARN_UNINITIALIZED_AUTOS = YES_AGGRESSIVE;
				GCC_WARN_UNUSED_FUNCTION = YES;
				GCC_WARN_UNUSED_VARIABLE = YES;
				IPHONEOS_DEPLOYMENT_TARGET = 10.2;
				MTL_ENABLE_DEBUG_INFO = YES;
				ONLY_ACTIVE_ARCH = YES;
				SDKROOT = iphoneos;
				SWIFT_ACTIVE_COMPILATION_CONDITIONS = DEBUG;
				SWIFT_OPTIMIZATION_LEVEL = "-Onone";
				TARGETED_DEVICE_FAMILY = "1,2";
			};
			name = Debug;
		};
		A6737E061EFCCF440037024D /* Release */ = {
			isa = XCBuildConfiguration;
			buildSettings = {
				ALWAYS_SEARCH_USER_PATHS = NO;
				CLANG_ANALYZER_NONNULL = YES;
				CLANG_CXX_LANGUAGE_STANDARD = "gnu++0x";
				CLANG_CXX_LIBRARY = "libc++";
				CLANG_ENABLE_MODULES = YES;
				CLANG_ENABLE_OBJC_ARC = YES;
				CLANG_WARN_BOOL_CONVERSION = YES;
				CLANG_WARN_CONSTANT_CONVERSION = YES;
				CLANG_WARN_DIRECT_OBJC_ISA_USAGE = YES_ERROR;
				CLANG_WARN_DOCUMENTATION_COMMENTS = YES;
				CLANG_WARN_EMPTY_BODY = YES;
				CLANG_WARN_ENUM_CONVERSION = YES;
				CLANG_WARN_INFINITE_RECURSION = YES;
				CLANG_WARN_INT_CONVERSION = YES;
				CLANG_WARN_OBJC_ROOT_CLASS = YES_ERROR;
				CLANG_WARN_SUSPICIOUS_MOVE = YES;
				CLANG_WARN_UNREACHABLE_CODE = YES;
				CLANG_WARN__DUPLICATE_METHOD_MATCH = YES;
				"CODE_SIGN_IDENTITY[sdk=iphoneos*]" = "iPhone Developer";
				COPY_PHASE_STRIP = NO;
				DEBUG_INFORMATION_FORMAT = "dwarf-with-dsym";
				ENABLE_NS_ASSERTIONS = NO;
				ENABLE_STRICT_OBJC_MSGSEND = YES;
				GCC_C_LANGUAGE_STANDARD = gnu99;
				GCC_NO_COMMON_BLOCKS = YES;
				GCC_WARN_64_TO_32_BIT_CONVERSION = YES;
				GCC_WARN_ABOUT_RETURN_TYPE = YES_ERROR;
				GCC_WARN_UNDECLARED_SELECTOR = YES;
				GCC_WARN_UNINITIALIZED_AUTOS = YES_AGGRESSIVE;
				GCC_WARN_UNUSED_FUNCTION = YES;
				GCC_WARN_UNUSED_VARIABLE = YES;
				IPHONEOS_DEPLOYMENT_TARGET = 10.2;
				MTL_ENABLE_DEBUG_INFO = NO;
				SDKROOT = iphoneos;
				SWIFT_OPTIMIZATION_LEVEL = "-Owholemodule";
				TARGETED_DEVICE_FAMILY = "1,2";
				VALIDATE_PRODUCT = YES;
			};
			name = Release;
		};
		A6737E081EFCCF440037024D /* Debug */ = {
			isa = XCBuildConfiguration;
			buildSettings = {
				ASSETCATALOG_COMPILER_APPICON_NAME = AppIcon;
				INFOPLIST_FILE = BirdInForest/Info.plist;
				LD_RUNPATH_SEARCH_PATHS = "$(inherited) @executable_path/Frameworks";
				PRODUCT_BUNDLE_IDENTIFIER = Tung.BirdInForest;
				PRODUCT_NAME = "$(TARGET_NAME)";
				SWIFT_VERSION = 3.0;
			};
			name = Debug;
		};
		A6737E091EFCCF440037024D /* Release */ = {
			isa = XCBuildConfiguration;
			buildSettings = {
				ASSETCATALOG_COMPILER_APPICON_NAME = AppIcon;
				INFOPLIST_FILE = BirdInForest/Info.plist;
				LD_RUNPATH_SEARCH_PATHS = "$(inherited) @executable_path/Frameworks";
				PRODUCT_BUNDLE_IDENTIFIER = Tung.BirdInForest;
				PRODUCT_NAME = "$(TARGET_NAME)";
				SWIFT_VERSION = 3.0;
			};
			name = Release;
		};
/* End XCBuildConfiguration section */

/* Begin XCConfigurationList section */
		A6737DF01EFCCF440037024D /* Build configuration list for PBXProject "BirdInForest" */ = {
			isa = XCConfigurationList;
			buildConfigurations = (
				A6737E051EFCCF440037024D /* Debug */,
				A6737E061EFCCF440037024D /* Release */,
			);
			defaultConfigurationIsVisible = 0;
			defaultConfigurationName = Release;
		};
		A6737E071EFCCF440037024D /* Build configuration list for PBXNativeTarget "BirdInForest" */ = {
			isa = XCConfigurationList;
			buildConfigurations = (
				A6737E081EFCCF440037024D /* Debug */,
				A6737E091EFCCF440037024D /* Release */,
			);
			defaultConfigurationIsVisible = 0;
		};
/* End XCConfigurationList section */
	};
	rootObject = A6737DED1EFCCF440037024D /* Project object */;
}
